{
  "requires": true,
  "lockfileVersion": 1,
  "dependencies": {
    "debug": {
      "version": "4.1.0",
      "resolved": "https://registry.npmjs.org/debug/-/debug-4.1.0.tgz",
      "integrity": "sha512-heNPJUJIqC+xB6ayLAMHaIrmN9HKa7aQO8MGqKpvCA+uJYVcvR6l5kgdrhRuwPFHU7P5/A1w0BjByPHwpfTDKg==",
      "requires": {
        "ms": "2.1.1"
      }
    },
    "get-json": {
      "version": "1.0.1",
      "resolved": "https://registry.npmjs.org/get-json/-/get-json-1.0.1.tgz",
      "integrity": "sha512-buUOE2bLaxIsF6zGIrwvsTVlvgU85qwAWf0Hgq/EJBBoSssUqOauXWKpsh4wgPdTlZHEVllLtphiuIzFM4UEHQ==",
      "requires": {
        "is-node": "0.0.0",
        "jsonp": "0.0.4",
        "phin": "2.9.3"
      }
    },
    "is-node": {
      "version": "0.0.0",
      "resolved": "https://registry.npmjs.org/is-node/-/is-node-0.0.0.tgz",
      "integrity": "sha1-h91lC4f7ajnFDKr+4On2g17BXkE="
    },
    "jsonp": {
      "version": "0.0.4",
      "resolved": "https://registry.npmjs.org/jsonp/-/jsonp-0.0.4.tgz",
      "integrity": "sha1-lGZaS3caq+y4qshBNbmVlHVpGL0=",
      "requires": {
        "debug": "4.1.0"
      }
    },
    "ms": {
      "version": "2.1.1",
      "resolved": "https://registry.npmjs.org/ms/-/ms-2.1.1.tgz",
      "integrity": "sha512-tgp+dl5cGk28utYktBsrFqA7HKgrhgPsg6Z/EfhWI4gl1Hwq8B/GmY/0oXZ6nF8hDVesS/FpnYaD/kOWhYQvyg=="
    },
    "phin": {
      "version": "2.9.3",
      "resolved": "https://registry.npmjs.org/phin/-/phin-2.9.3.tgz",
      "integrity": "sha512-CzFr90qM24ju5f88quFC/6qohjC144rehe5n6DH900lgXmUe86+xCKc10ev56gRKC4/BkHUoG4uSiQgBiIXwDA=="
    }
  }
}
